
Microsoft Visual Studio Solution File, Format Version 12.00
# Visual Studio 2012
Project("{FAE04EC0-301F-11D3-BF4B-00C04F79EFBC}") = "UnitTestProject7", "UnitTestProject7\UnitTestProject7.csproj", "{13745101-146C-45C0-9B76-27C38257B7A8}"
EndProject
Global
	GlobalSection(SolutionConfigurationPlatforms) = preSolution
		Debug|Any CPU = Debug|Any CPU
		Release|Any CPU = Release|Any CPU
	EndGlobalSection
	GlobalSection(ProjectConfigurationPlatforms) = postSolution
		{13745101-146C-45C0-9B76-27C38257B7A8}.Debug|Any CPU.ActiveCfg = Debug|Any CPU
		{13745101-146C-45C0-9B76-27C38257B7A8}.Debug|Any CPU.Build.0 = Debug|Any CPU
		{13745101-146C-45C0-9B76-27C38257B7A8}.Release|Any CPU.ActiveCfg = Release|Any CPU
		{13745101-146C-45C0-9B76-27C38257B7A8}.Release|Any CPU.Build.0 = Release|Any CPU
	EndGlobalSection
	GlobalSection(SolutionProperties) = preSolution
		HideSolutionNode = FALSE
	EndGlobalSection
EndGlobal
